
Microsoft Visual Studio Solution File, Format Version 12.00
# Visual Studio Version 16
VisualStudioVersion = 16.0.30907.101
MinimumVisualStudioVersion = 10.0.40219.1
Project("{FAE04EC0-301F-11D3-BF4B-00C04F79EFBC}") = "SimpleFOrm", "SimpleFOrm\SimpleFOrm.csproj", "{654E12F8-B573-483C-88F0-5378CA4052EB}"
EndProject
Global
	GlobalSection(SolutionConfigurationPlatforms) = preSolution
		Debug|Any CPU = Debug|Any CPU
		Release|Any CPU = Release|Any CPU
	EndGlobalSection
	GlobalSection(ProjectConfigurationPlatforms) = postSolution
		{654E12F8-B573-483C-88F0-5378CA4052EB}.Debug|Any CPU.ActiveCfg = Debug|Any CPU
		{654E12F8-B573-483C-88F0-5378CA4052EB}.Debug|Any CPU.Build.0 = Debug|Any CPU
		{654E12F8-B573-483C-88F0-5378CA4052EB}.Release|Any CPU.ActiveCfg = Release|Any CPU
		{654E12F8-B573-483C-88F0-5378CA4052EB}.Release|Any CPU.Build.0 = Release|Any CPU
	EndGlobalSection
	GlobalSection(SolutionProperties) = preSolution
		HideSolutionNode = FALSE
	EndGlobalSection
	GlobalSection(ExtensibilityGlobals) = postSolution
		SolutionGuid = {36D752D3-5E23-4993-8930-57BAA3597293}
	EndGlobalSection
EndGlobal
